<?xml version="1.0" encoding="utf-8"?>
<Project ToolsVersion="4.0" xmlns="http://schemas.microsoft.com/developer/msbuild/2003">
  <ItemGroup>
    <Filter Include="src">
      <UniqueIdentifier>{4FC737F1-C7A5-4376-A066-2A32D752A2FF}</UniqueIdentifier>
      <Extensions>cpp;c;cc;cxx;c++;cppm;ixx;def;odl;idl;hpj;bat;asm;asmx</Extensions>
    </Filter>
    <Filter Include="src\graphics">
      <UniqueIdentifier>{a23f37bf-c000-4088-be45-db52318bf1b1}</UniqueIdentifier>
    </Filter>
    <Filter Include="include">
      <UniqueIdentifier>{93995380-89BD-4b04-88EB-625FBE52EBFB}</UniqueIdentifier>
      <Extensions>h;hh;hpp;hxx;h++;hm;inl;inc;ipp;xsd</Extensions>
    </Filter>
    <Filter Include="include\graphics">
      <UniqueIdentifier>{b2ae92f1-09b6-443c-86b2-37951e67e9dc}</UniqueIdentifier>
    </Filter>
    <Filter Include="extern">
      <UniqueIdentifier>{f1f60f89-a16b-44ea-83d2-f979e099b0d8}</UniqueIdentifier>
    </Filter>
    <Filter Include="extern\src">
      <UniqueIdentifier>{4d9fa1ef-ef76-4936-8f8c-4bc4fa553486}</UniqueIdentifier>
    </Filter>
    <Filter Include="resources">
      <UniqueIdentifier>{bae1b6b4-e0c4-42e1-a4d5-c019fd1422d5}</UniqueIdentifier>
    </Filter>
    <Filter Include="resources\shaders">
      <UniqueIdentifier>{f1181052-e94d-4f62-806f-0191df8cdca8}</UniqueIdentifier>
    </Filter>
    <Filter Include="resources\shaders\vertex">
      <UniqueIdentifier>{d588db20-0ab7-44a3-8908-7ce8bf3a8545}</UniqueIdentifier>
    </Filter>
    <Filter Include="resources\shaders\fragment">
      <UniqueIdentifier>{5425b452-e3b2-4932-ba65-89696c31629d}</UniqueIdentifier>
    </Filter>
    <Filter Include="extern\src\imgui">
      <UniqueIdentifier>{8ecb1cb7-9280-4c7e-be6d-049c6f20df96}</UniqueIdentifier>
    </Filter>
  </ItemGroup>
  <ItemGroup>
    <ClCompile Include="src\main.cpp">
      <Filter>src</Filter>
    </ClCompile>
    <ClCompile Include="src\graphics\renderer.cpp">
      <Filter>src\graphics</Filter>
    </ClCompile>
    <ClCompile Include="..\extern\src\glad.c">
      <Filter>extern\src</Filter>
    </ClCompile>
    <ClCompile Include="src\graphics\shader.cpp">
      <Filter>src\graphics</Filter>
    </ClCompile>
    <ClCompile Include="src\graphics\camera.cpp">
      <Filter>src\graphics</Filter>
    </ClCompile>
    <ClCompile Include="..\extern\src\imgui\imgui.cpp">
      <Filter>extern\src\imgui</Filter>
    </ClCompile>
    <ClCompile Include="..\extern\src\imgui\imgui_demo.cpp">
      <Filter>extern\src\imgui</Filter>
    </ClCompile>
    <ClCompile Include="..\extern\src\imgui\imgui_draw.cpp">
      <Filter>extern\src\imgui</Filter>
    </ClCompile>
    <ClCompile Include="..\extern\src\imgui\imgui_impl_opengl3.cpp">
      <Filter>extern\src\imgui</Filter>
    </ClCompile>
    <ClCompile Include="..\extern\src\imgui\imgui_impl_sdl3.cpp">
      <Filter>extern\src\imgui</Filter>
    </ClCompile>
    <ClCompile Include="..\extern\src\imgui\imgui_tables.cpp">
      <Filter>extern\src\imgui</Filter>
    </ClCompile>
    <ClCompile Include="..\extern\src\imgui\imgui_widgets.cpp">
      <Filter>extern\src\imgui</Filter>
    </ClCompile>
    <ClCompile Include="src\graphics\mesh.cpp">
      <Filter>src\graphics</Filter>
    </ClCompile>
    <ClCompile Include="src\graphics\model.cpp">
      <Filter>src\graphics</Filter>
    </ClCompile>
  </ItemGroup>
  <ItemGroup>
    <ClInclude Include="includes\graphics\renderer.hpp">
      <Filter>include\graphics</Filter>
    </ClInclude>
    <ClInclude Include="includes\graphics\shader.hpp">
      <Filter>include\graphics</Filter>
    </ClInclude>
    <ClInclude Include="includes\precomp.hpp">
      <Filter>include</Filter>
    </ClInclude>
    <ClInclude Include="includes\graphics\camera.hpp">
      <Filter>include\graphics</Filter>
    </ClInclude>
    <ClInclude Include="includes\graphics\mesh.hpp">
      <Filter>include\graphics</Filter>
    </ClInclude>
    <ClInclude Include="includes\graphics\model.hpp">
      <Filter>include\graphics</Filter>
    </ClInclude>
  </ItemGroup>
  <ItemGroup>
    <None Include="..\resources\shaders\vertex\cube.vert">
      <Filter>resources\shaders\vertex</Filter>
    </None>
    <None Include="..\resources\shaders\fragment\cube.frag">
      <Filter>resources\shaders\fragment</Filter>
    </None>
    <None Include="..\resources\shaders\vertex\light.vert">
      <Filter>resources\shaders\vertex</Filter>
    </None>
    <None Include="..\resources\shaders\fragment\light.frag">
      <Filter>resources\shaders\fragment</Filter>
    </None>
    <None Include="..\resources\shaders\fragment\texture.frag">
      <Filter>resources\shaders\fragment</Filter>
    </None>
    <None Include="..\resources\shaders\vertex\texture.vert">
      <Filter>resources\shaders\vertex</Filter>
    </None>
    <None Include="..\resources\shaders\fragment\depth.frag">
      <Filter>resources\shaders\fragment</Filter>
    </None>
  </ItemGroup>
</Project>